PODS:
  - BlockDataSource (0.3.0):
    - BlockDataSource/ViewControllers (= 0.3.0)
  - BlockDataSource/ViewControllers (0.3.0)

DEPENDENCIES:
  - BlockDataSource (from `../`)

EXTERNAL SOURCES:
  BlockDataSource:
    :path: "../"

SPEC CHECKSUMS:
  BlockDataSource: dd74304a30c03e60a221e878cf34b99d928e3cdf

PODFILE CHECKSUM: 5eaa3412b270950d61d8c20dff117e0034fc44df

COCOAPODS: 1.5.2
