// !$*UTF8*$!
{
	archiveVersion = 1;
	classes = {
	};
	objectVersion = 46;
	objects = {

/* Begin PBXBuildFile section */
		14E77AA0D226D512FFA9FCFE /* Pods_BlockDataSource_Example.framework in Frameworks */ = {isa = PBXBuildFile; fileRef = 885603540DE1E7F03E82860D /* Pods_BlockDataSource_Example.framework */; };
		607FACD61AFB9204008FA782 /* AppDelegate.swift in Sources */ = {isa = PBXBuildFile; fileRef = 607FACD51AFB9204008FA782 /* AppDelegate.swift */; };
		607FACDD1AFB9204008FA782 /* Images.xcassets in Resources */ = {isa = PBXBuildFile; fileRef = 607FACDC1AFB9204008FA782 /* Images.xcassets */; };
		607FACE01AFB9204008FA782 /* LaunchScreen.xib in Resources */ = {isa = PBXBuildFile; fileRef = 607FACDE1AFB9204008FA782 /* LaunchScreen.xib */; };
		665516411E03961C0025CD0F /* Extensions.swift in Sources */ = {isa = PBXBuildFile; fileRef = 665516401E03961C0025CD0F /* Extensions.swift */; };
		665C109D20CC3DB8008ED8C8 /* Cells.swift in Sources */ = {isa = PBXBuildFile; fileRef = 665C109C20CC3DB8008ED8C8 /* Cells.swift */; };
		66CD41C920DC7E030045E2AD /* BlockDataSourceTests.swift in Sources */ = {isa = PBXBuildFile; fileRef = 66CD41C820DC7E030045E2AD /* BlockDataSourceTests.swift */; };
		ACCF06430BBB89AE3AA9463B /* Pods_BlockDataSource_Example_BlockDataSourceTests.framework in Frameworks */ = {isa = PBXBuildFile; fileRef = 065B0673E9AF06F68D152FBF /* Pods_BlockDataSource_Example_BlockDataSourceTests.framework */; };
/* End PBXBuildFile section */

/* Begin PBXContainerItemProxy section */
		66CD41CB20DC7E030045E2AD /* PBXContainerItemProxy */ = {
			isa = PBXContainerItemProxy;
			containerPortal = 607FACC81AFB9204008FA782 /* Project object */;
			proxyType = 1;
			remoteGlobalIDString = 607FACCF1AFB9204008FA782;
			remoteInfo = BlockDataSource_Example;
		};
/* End PBXContainerItemProxy section */

/* Begin PBXFileReference section */
		0203640A62DE212D4D5CF133 /* Pods-BlockDataSource_Example-BlockDataSourceTests.release.xcconfig */ = {isa = PBXFileReference; includeInIndex = 1; lastKnownFileType = text.xcconfig; name = "Pods-BlockDataSource_Example-BlockDataSourceTests.release.xcconfig"; path = "Pods/Target Support Files/Pods-BlockDataSource_Example-BlockDataSourceTests/Pods-BlockDataSource_Example-BlockDataSourceTests.release.xcconfig"; sourceTree = "<group>"; };
		065B0673E9AF06F68D152FBF /* Pods_BlockDataSource_Example_BlockDataSourceTests.framework */ = {isa = PBXFileReference; explicitFileType = wrapper.framework; includeInIndex = 0; path = Pods_BlockDataSource_Example_BlockDataSourceTests.framework; sourceTree = BUILT_PRODUCTS_DIR; };
		12635ABE897F46EF1F18718F /* Pods-BlockDataSource_ExampleTests.release.xcconfig */ = {isa = PBXFileReference; includeInIndex = 1; lastKnownFileType = text.xcconfig; name = "Pods-BlockDataSource_ExampleTests.release.xcconfig"; path = "Pods/Target Support Files/Pods-BlockDataSource_ExampleTests/Pods-BlockDataSource_ExampleTests.release.xcconfig"; sourceTree = "<group>"; };
		1DC2675DBF19ABC804FFD9F9 /* BlockDataSource.podspec */ = {isa = PBXFileReference; includeInIndex = 1; lastKnownFileType = text; name = BlockDataSource.podspec; path = ../BlockDataSource.podspec; sourceTree = "<group>"; xcLanguageSpecificationIdentifier = xcode.lang.ruby; };
		507E76D923C9088DC2F3066F /* Pods-BlockDataSource_Example.release.xcconfig */ = {isa = PBXFileReference; includeInIndex = 1; lastKnownFileType = text.xcconfig; name = "Pods-BlockDataSource_Example.release.xcconfig"; path = "Pods/Target Support Files/Pods-BlockDataSource_Example/Pods-BlockDataSource_Example.release.xcconfig"; sourceTree = "<group>"; };
		607FACD01AFB9204008FA782 /* BlockDataSource_Example.app */ = {isa = PBXFileReference; explicitFileType = wrapper.application; includeInIndex = 0; path = BlockDataSource_Example.app; sourceTree = BUILT_PRODUCTS_DIR; };
		607FACD41AFB9204008FA782 /* Info.plist */ = {isa = PBXFileReference; lastKnownFileType = text.plist.xml; path = Info.plist; sourceTree = "<group>"; };
		607FACD51AFB9204008FA782 /* AppDelegate.swift */ = {isa = PBXFileReference; lastKnownFileType = sourcecode.swift; lineEnding = 0; path = AppDelegate.swift; sourceTree = "<group>"; xcLanguageSpecificationIdentifier = xcode.lang.swift; };
		607FACDC1AFB9204008FA782 /* Images.xcassets */ = {isa = PBXFileReference; lastKnownFileType = folder.assetcatalog; path = Images.xcassets; sourceTree = "<group>"; };
		607FACDF1AFB9204008FA782 /* Base */ = {isa = PBXFileReference; lastKnownFileType = file.xib; name = Base; path = Base.lproj/LaunchScreen.xib; sourceTree = "<group>"; };
		665516401E03961C0025CD0F /* Extensions.swift */ = {isa = PBXFileReference; fileEncoding = 4; lastKnownFileType = sourcecode.swift; path = Extensions.swift; sourceTree = "<group>"; };
		665C109C20CC3DB8008ED8C8 /* Cells.swift */ = {isa = PBXFileReference; lastKnownFileType = sourcecode.swift; path = Cells.swift; sourceTree = "<group>"; };
		66CD41C620DC7E030045E2AD /* BlockDataSourceTests.xctest */ = {isa = PBXFileReference; explicitFileType = wrapper.cfbundle; includeInIndex = 0; path = BlockDataSourceTests.xctest; sourceTree = BUILT_PRODUCTS_DIR; };
		66CD41C820DC7E030045E2AD /* BlockDataSourceTests.swift */ = {isa = PBXFileReference; lastKnownFileType = sourcecode.swift; path = BlockDataSourceTests.swift; sourceTree = "<group>"; };
		66CD41CA20DC7E030045E2AD /* Info.plist */ = {isa = PBXFileReference; lastKnownFileType = text.plist.xml; path = Info.plist; sourceTree = "<group>"; };
		80EDB7DE485C495EA382B249 /* Pods-BlockDataSource_ExampleTests.debug.xcconfig */ = {isa = PBXFileReference; includeInIndex = 1; lastKnownFileType = text.xcconfig; name = "Pods-BlockDataSource_ExampleTests.debug.xcconfig"; path = "Pods/Target Support Files/Pods-BlockDataSource_ExampleTests/Pods-BlockDataSource_ExampleTests.debug.xcconfig"; sourceTree = "<group>"; };
		845312344886411B746B011C /* LICENSE */ = {isa = PBXFileReference; includeInIndex = 1; lastKnownFileType = text; name = LICENSE; path = ../LICENSE; sourceTree = "<group>"; };
		885603540DE1E7F03E82860D /* Pods_BlockDataSource_Example.framework */ = {isa = PBXFileReference; explicitFileType = wrapper.framework; includeInIndex = 0; path = Pods_BlockDataSource_Example.framework; sourceTree = BUILT_PRODUCTS_DIR; };
		984A27D1983AEC8547432C65 /* Pods-BlockDataSource_Tests.debug.xcconfig */ = {isa = PBXFileReference; includeInIndex = 1; lastKnownFileType = text.xcconfig; name = "Pods-BlockDataSource_Tests.debug.xcconfig"; path = "Pods/Target Support Files/Pods-BlockDataSource_Tests/Pods-BlockDataSource_Tests.debug.xcconfig"; sourceTree = "<group>"; };
		BBA2984DB22A205449973E45 /* Pods_BlockDataSource_Tests.framework */ = {isa = PBXFileReference; explicitFileType = wrapper.framework; includeInIndex = 0; path = Pods_BlockDataSource_Tests.framework; sourceTree = BUILT_PRODUCTS_DIR; };
		BE9FDBA1750C979205D36FC0 /* Pods_BlockDataSource_ExampleTests.framework */ = {isa = PBXFileReference; explicitFileType = wrapper.framework; includeInIndex = 0; path = Pods_BlockDataSource_ExampleTests.framework; sourceTree = BUILT_PRODUCTS_DIR; };
		BF9C8F3C43CC342446B37DF0 /* README.md */ = {isa = PBXFileReference; includeInIndex = 1; lastKnownFileType = net.daringfireball.markdown; name = README.md; path = ../README.md; sourceTree = "<group>"; };
		CA349E33A224EDC70B8908B8 /* Pods-BlockDataSource_Tests.release.xcconfig */ = {isa = PBXFileReference; includeInIndex = 1; lastKnownFileType = text.xcconfig; name = "Pods-BlockDataSource_Tests.release.xcconfig"; path = "Pods/Target Support Files/Pods-BlockDataSource_Tests/Pods-BlockDataSource_Tests.release.xcconfig"; sourceTree = "<group>"; };
		D3C27983DE546E2E8EDF7AF7 /* Pods-BlockDataSource_Example.debug.xcconfig */ = {isa = PBXFileReference; includeInIndex = 1; lastKnownFileType = text.xcconfig; name = "Pods-BlockDataSource_Example.debug.xcconfig"; path = "Pods/Target Support Files/Pods-BlockDataSource_Example/Pods-BlockDataSource_Example.debug.xcconfig"; sourceTree = "<group>"; };
		D8BD201AB343E3A000BB277B /* Pods-BlockDataSource_Example-BlockDataSourceTests.debug.xcconfig */ = {isa = PBXFileReference; includeInIndex = 1; lastKnownFileType = text.xcconfig; name = "Pods-BlockDataSource_Example-BlockDataSourceTests.debug.xcconfig"; path = "Pods/Target Support Files/Pods-BlockDataSource_Example-BlockDataSourceTests/Pods-BlockDataSource_Example-BlockDataSourceTests.debug.xcconfig"; sourceTree = "<group>"; };
/* End PBXFileReference section */

/* Begin PBXFrameworksBuildPhase section */
		607FACCD1AFB9204008FA782 /* Frameworks */ = {
			isa = PBXFrameworksBuildPhase;
			buildActionMask = 2147483647;
			files = (
				14E77AA0D226D512FFA9FCFE /* Pods_BlockDataSource_Example.framework in Frameworks */,
			);
			runOnlyForDeploymentPostprocessing = 0;
		};
		66CD41C320DC7E030045E2AD /* Frameworks */ = {
			isa = PBXFrameworksBuildPhase;
			buildActionMask = 2147483647;
			files = (
				ACCF06430BBB89AE3AA9463B /* Pods_BlockDataSource_Example_BlockDataSourceTests.framework in Frameworks */,
			);
			runOnlyForDeploymentPostprocessing = 0;
		};
/* End PBXFrameworksBuildPhase section */

/* Begin PBXGroup section */
		2705DA0C14C92AD35A83386E /* Pods */ = {
			isa = PBXGroup;
			children = (
				D3C27983DE546E2E8EDF7AF7 /* Pods-BlockDataSource_Example.debug.xcconfig */,
				507E76D923C9088DC2F3066F /* Pods-BlockDataSource_Example.release.xcconfig */,
				984A27D1983AEC8547432C65 /* Pods-BlockDataSource_Tests.debug.xcconfig */,
				CA349E33A224EDC70B8908B8 /* Pods-BlockDataSource_Tests.release.xcconfig */,
				80EDB7DE485C495EA382B249 /* Pods-BlockDataSource_ExampleTests.debug.xcconfig */,
				12635ABE897F46EF1F18718F /* Pods-BlockDataSource_ExampleTests.release.xcconfig */,
				D8BD201AB343E3A000BB277B /* Pods-BlockDataSource_Example-BlockDataSourceTests.debug.xcconfig */,
				0203640A62DE212D4D5CF133 /* Pods-BlockDataSource_Example-BlockDataSourceTests.release.xcconfig */,
			);
			name = Pods;
			sourceTree = "<group>";
		};
		607FACC71AFB9204008FA782 = {
			isa = PBXGroup;
			children = (
				607FACF51AFB993E008FA782 /* Podspec Metadata */,
				607FACD21AFB9204008FA782 /* Example for BlockDataSource */,
				66CD41C720DC7E030045E2AD /* BlockDataSourceTests */,
				607FACD11AFB9204008FA782 /* Products */,
				2705DA0C14C92AD35A83386E /* Pods */,
				7A3C49E629CE863AAEAC4ED4 /* Frameworks */,
			);
			sourceTree = "<group>";
		};
		607FACD11AFB9204008FA782 /* Products */ = {
			isa = PBXGroup;
			children = (
				607FACD01AFB9204008FA782 /* BlockDataSource_Example.app */,
				66CD41C620DC7E030045E2AD /* BlockDataSourceTests.xctest */,
			);
			name = Products;
			sourceTree = "<group>";
		};
		607FACD21AFB9204008FA782 /* Example for BlockDataSource */ = {
			isa = PBXGroup;
			children = (
				607FACD51AFB9204008FA782 /* AppDelegate.swift */,
				665C109C20CC3DB8008ED8C8 /* Cells.swift */,
				6655163F1E0396030025CD0F /* Util */,
				607FACD31AFB9204008FA782 /* Supporting Files */,
			);
			name = "Example for BlockDataSource";
			path = BlockDataSource;
			sourceTree = "<group>";
		};
		607FACD31AFB9204008FA782 /* Supporting Files */ = {
			isa = PBXGroup;
			children = (
				607FACDC1AFB9204008FA782 /* Images.xcassets */,
				607FACDE1AFB9204008FA782 /* LaunchScreen.xib */,
				607FACD41AFB9204008FA782 /* Info.plist */,
			);
			name = "Supporting Files";
			sourceTree = "<group>";
		};
		607FACF51AFB993E008FA782 /* Podspec Metadata */ = {
			isa = PBXGroup;
			children = (
				1DC2675DBF19ABC804FFD9F9 /* BlockDataSource.podspec */,
				BF9C8F3C43CC342446B37DF0 /* README.md */,
				845312344886411B746B011C /* LICENSE */,
			);
			name = "Podspec Metadata";
			sourceTree = "<group>";
		};
		6655163F1E0396030025CD0F /* Util */ = {
			isa = PBXGroup;
			children = (
				665516401E03961C0025CD0F /* Extensions.swift */,
			);
			name = Util;
			sourceTree = "<group>";
		};
		66CD41C720DC7E030045E2AD /* BlockDataSourceTests */ = {
			isa = PBXGroup;
			children = (
				66CD41C820DC7E030045E2AD /* BlockDataSourceTests.swift */,
				66CD41CA20DC7E030045E2AD /* Info.plist */,
			);
			path = BlockDataSourceTests;
			sourceTree = "<group>";
		};
		7A3C49E629CE863AAEAC4ED4 /* Frameworks */ = {
			isa = PBXGroup;
			children = (
				885603540DE1E7F03E82860D /* Pods_BlockDataSource_Example.framework */,
				BBA2984DB22A205449973E45 /* Pods_BlockDataSource_Tests.framework */,
				BE9FDBA1750C979205D36FC0 /* Pods_BlockDataSource_ExampleTests.framework */,
				065B0673E9AF06F68D152FBF /* Pods_BlockDataSource_Example_BlockDataSourceTests.framework */,
			);
			name = Frameworks;
			sourceTree = "<group>";
		};
/* End PBXGroup section */

/* Begin PBXNativeTarget section */
		607FACCF1AFB9204008FA782 /* BlockDataSource_Example */ = {
			isa = PBXNativeTarget;
			buildConfigurationList = 607FACEF1AFB9204008FA782 /* Build configuration list for PBXNativeTarget "BlockDataSource_Example" */;
			buildPhases = (
				0DF7D8F1F55A356664D11A89 /* [CP] Check Pods Manifest.lock */,
				607FACCC1AFB9204008FA782 /* Sources */,
				607FACCD1AFB9204008FA782 /* Frameworks */,
				607FACCE1AFB9204008FA782 /* Resources */,
				96FE2C6C73BACA4585439C97 /* [CP] Embed Pods Frameworks */,
			);
			buildRules = (
			);
			dependencies = (
			);
			name = BlockDataSource_Example;
			productName = BlockDataSource;
			productReference = 607FACD01AFB9204008FA782 /* BlockDataSource_Example.app */;
			productType = "com.apple.product-type.application";
		};
		66CD41C520DC7E030045E2AD /* BlockDataSourceTests */ = {
			isa = PBXNativeTarget;
			buildConfigurationList = 66CD41CD20DC7E030045E2AD /* Build configuration list for PBXNativeTarget "BlockDataSourceTests" */;
			buildPhases = (
				944CE53BD31E3BA16193310D /* [CP] Check Pods Manifest.lock */,
				66CD41C220DC7E030045E2AD /* Sources */,
				66CD41C320DC7E030045E2AD /* Frameworks */,
				66CD41C420DC7E030045E2AD /* Resources */,
				4525506145486CEDF3E8355E /* [CP] Embed Pods Frameworks */,
			);
			buildRules = (
			);
			dependencies = (
				66CD41CC20DC7E030045E2AD /* PBXTargetDependency */,
			);
			name = BlockDataSourceTests;
			productName = BlockDataSourceTests;
			productReference = 66CD41C620DC7E030045E2AD /* BlockDataSourceTests.xctest */;
			productType = "com.apple.product-type.bundle.unit-test";
		};
/* End PBXNativeTarget section */

/* Begin PBXProject section */
		607FACC81AFB9204008FA782 /* Project object */ = {
			isa = PBXProject;
			attributes = {
				LastSwiftUpdateCheck = 0940;
				LastUpgradeCheck = 0810;
				ORGANIZATIONNAME = CocoaPods;
				TargetAttributes = {
					607FACCF1AFB9204008FA782 = {
						CreatedOnToolsVersion = 6.3.1;
						DevelopmentTeam = LRNC44UMYU;
						LastSwiftMigration = 0810;
					};
					66CD41C520DC7E030045E2AD = {
						CreatedOnToolsVersion = 9.4.1;
						DevelopmentTeam = LRNC44UMYU;
						ProvisioningStyle = Automatic;
						TestTargetID = 607FACCF1AFB9204008FA782;
					};
				};
			};
			buildConfigurationList = 607FACCB1AFB9204008FA782 /* Build configuration list for PBXProject "BlockDataSource" */;
			compatibilityVersion = "Xcode 3.2";
			developmentRegion = English;
			hasScannedForEncodings = 0;
			knownRegions = (
				en,
				Base,
			);
			mainGroup = 607FACC71AFB9204008FA782;
			productRefGroup = 607FACD11AFB9204008FA782 /* Products */;
			projectDirPath = "";
			projectRoot = "";
			targets = (
				607FACCF1AFB9204008FA782 /* BlockDataSource_Example */,
				66CD41C520DC7E030045E2AD /* BlockDataSourceTests */,
			);
		};
/* End PBXProject section */

/* Begin PBXResourcesBuildPhase section */
		607FACCE1AFB9204008FA782 /* Resources */ = {
			isa = PBXResourcesBuildPhase;
			buildActionMask = 2147483647;
			files = (
				607FACE01AFB9204008FA782 /* LaunchScreen.xib in Resources */,
				607FACDD1AFB9204008FA782 /* Images.xcassets in Resources */,
			);
			runOnlyForDeploymentPostprocessing = 0;
		};
		66CD41C420DC7E030045E2AD /* Resources */ = {
			isa = PBXResourcesBuildPhase;
			buildActionMask = 2147483647;
			files = (
			);
			runOnlyForDeploymentPostprocessing = 0;
		};
/* End PBXResourcesBuildPhase section */

/* Begin PBXShellScriptBuildPhase section */
		0DF7D8F1F55A356664D11A89 /* [CP] Check Pods Manifest.lock */ = {
			isa = PBXShellScriptBuildPhase;
			buildActionMask = 2147483647;
			files = (
			);
			inputPaths = (
				"${PODS_PODFILE_DIR_PATH}/Podfile.lock",
				"${PODS_ROOT}/Manifest.lock",
			);
			name = "[CP] Check Pods Manifest.lock";
			outputPaths = (
				"$(DERIVED_FILE_DIR)/Pods-BlockDataSource_Example-checkManifestLockResult.txt",
			);
			runOnlyForDeploymentPostprocessing = 0;
			shellPath = /bin/sh;
			shellScript = "diff \"${PODS_PODFILE_DIR_PATH}/Podfile.lock\" \"${PODS_ROOT}/Manifest.lock\" > /dev/null\nif [ $? != 0 ] ; then\n    # print error to STDERR\n    echo \"error: The sandbox is not in sync with the Podfile.lock. Run 'pod install' or update your CocoaPods installation.\" >&2\n    exit 1\nfi\n# This output is used by Xcode 'outputs' to avoid re-running this script phase.\necho \"SUCCESS\" > \"${SCRIPT_OUTPUT_FILE_0}\"\n";
			showEnvVarsInLog = 0;
		};
		4525506145486CEDF3E8355E /* [CP] Embed Pods Frameworks */ = {
			isa = PBXShellScriptBuildPhase;
			buildActionMask = 2147483647;
			files = (
			);
			inputPaths = (
				"${SRCROOT}/Pods/Target Support Files/Pods-BlockDataSource_Example-BlockDataSourceTests/Pods-BlockDataSource_Example-BlockDataSourceTests-frameworks.sh",
				"${BUILT_PRODUCTS_DIR}/BlockDataSource/BlockDataSource.framework",
				"${BUILT_PRODUCTS_DIR}/Nimble/Nimble.framework",
				"${BUILT_PRODUCTS_DIR}/Quick/Quick.framework",
			);
			name = "[CP] Embed Pods Frameworks";
			outputPaths = (
				"${TARGET_BUILD_DIR}/${FRAMEWORKS_FOLDER_PATH}/BlockDataSource.framework",
				"${TARGET_BUILD_DIR}/${FRAMEWORKS_FOLDER_PATH}/Nimble.framework",
				"${TARGET_BUILD_DIR}/${FRAMEWORKS_FOLDER_PATH}/Quick.framework",
			);
			runOnlyForDeploymentPostprocessing = 0;
			shellPath = /bin/sh;
			shellScript = "\"${SRCROOT}/Pods/Target Support Files/Pods-BlockDataSource_Example-BlockDataSourceTests/Pods-BlockDataSource_Example-BlockDataSourceTests-frameworks.sh\"\n";
			showEnvVarsInLog = 0;
		};
		944CE53BD31E3BA16193310D /* [CP] Check Pods Manifest.lock */ = {
			isa = PBXShellScriptBuildPhase;
			buildActionMask = 2147483647;
			files = (
			);
			inputPaths = (
				"${PODS_PODFILE_DIR_PATH}/Podfile.lock",
				"${PODS_ROOT}/Manifest.lock",
			);
			name = "[CP] Check Pods Manifest.lock";
			outputPaths = (
				"$(DERIVED_FILE_DIR)/Pods-BlockDataSource_Example-BlockDataSourceTests-checkManifestLockResult.txt",
			);
			runOnlyForDeploymentPostprocessing = 0;
			shellPath = /bin/sh;
			shellScript = "diff \"${PODS_PODFILE_DIR_PATH}/Podfile.lock\" \"${PODS_ROOT}/Manifest.lock\" > /dev/null\nif [ $? != 0 ] ; then\n    # print error to STDERR\n    echo \"error: The sandbox is not in sync with the Podfile.lock. Run 'pod install' or update your CocoaPods installation.\" >&2\n    exit 1\nfi\n# This output is used by Xcode 'outputs' to avoid re-running this script phase.\necho \"SUCCESS\" > \"${SCRIPT_OUTPUT_FILE_0}\"\n";
			showEnvVarsInLog = 0;
		};
		96FE2C6C73BACA4585439C97 /* [CP] Embed Pods Frameworks */ = {
			isa = PBXShellScriptBuildPhase;
			buildActionMask = 2147483647;
			files = (
			);
			inputPaths = (
				"${SRCROOT}/Pods/Target Support Files/Pods-BlockDataSource_Example/Pods-BlockDataSource_Example-frameworks.sh",
				"${BUILT_PRODUCTS_DIR}/BlockDataSource/BlockDataSource.framework",
			);
			name = "[CP] Embed Pods Frameworks";
			outputPaths = (
				"${TARGET_BUILD_DIR}/${FRAMEWORKS_FOLDER_PATH}/BlockDataSource.framework",
			);
			runOnlyForDeploymentPostprocessing = 0;
			shellPath = /bin/sh;
			shellScript = "\"${SRCROOT}/Pods/Target Support Files/Pods-BlockDataSource_Example/Pods-BlockDataSource_Example-frameworks.sh\"\n";
			showEnvVarsInLog = 0;
		};
/* End PBXShellScriptBuildPhase section */

/* Begin PBXSourcesBuildPhase section */
		607FACCC1AFB9204008FA782 /* Sources */ = {
			isa = PBXSourcesBuildPhase;
			buildActionMask = 2147483647;
			files = (
				607FACD61AFB9204008FA782 /* AppDelegate.swift in Sources */,
				665516411E03961C0025CD0F /* Extensions.swift in Sources */,
				665C109D20CC3DB8008ED8C8 /* Cells.swift in Sources */,
			);
			runOnlyForDeploymentPostprocessing = 0;
		};
		66CD41C220DC7E030045E2AD /* Sources */ = {
			isa = PBXSourcesBuildPhase;
			buildActionMask = 2147483647;
			files = (
				66CD41C920DC7E030045E2AD /* BlockDataSourceTests.swift in Sources */,
			);
			runOnlyForDeploymentPostprocessing = 0;
		};
/* End PBXSourcesBuildPhase section */

/* Begin PBXTargetDependency section */
		66CD41CC20DC7E030045E2AD /* PBXTargetDependency */ = {
			isa = PBXTargetDependency;
			target = 607FACCF1AFB9204008FA782 /* BlockDataSource_Example */;
			targetProxy = 66CD41CB20DC7E030045E2AD /* PBXContainerItemProxy */;
		};
/* End PBXTargetDependency section */

/* Begin PBXVariantGroup section */
		607FACDE1AFB9204008FA782 /* LaunchScreen.xib */ = {
			isa = PBXVariantGroup;
			children = (
				607FACDF1AFB9204008FA782 /* Base */,
			);
			name = LaunchScreen.xib;
			sourceTree = "<group>";
		};
/* End PBXVariantGroup section */

/* Begin XCBuildConfiguration section */
		607FACED1AFB9204008FA782 /* Debug */ = {
			isa = XCBuildConfiguration;
			buildSettings = {
				ALWAYS_SEARCH_USER_PATHS = NO;
				CLANG_CXX_LANGUAGE_STANDARD = "gnu++0x";
				CLANG_CXX_LIBRARY = "libc++";
				CLANG_ENABLE_MODULES = YES;
				CLANG_ENABLE_OBJC_ARC = YES;
				CLANG_WARN_BOOL_CONVERSION = YES;
				CLANG_WARN_CONSTANT_CONVERSION = YES;
				CLANG_WARN_DIRECT_OBJC_ISA_USAGE = YES_ERROR;
				CLANG_WARN_EMPTY_BODY = YES;
				CLANG_WARN_ENUM_CONVERSION = YES;
				CLANG_WARN_INFINITE_RECURSION = YES;
				CLANG_WARN_INT_CONVERSION = YES;
				CLANG_WARN_OBJC_ROOT_CLASS = YES_ERROR;
				CLANG_WARN_SUSPICIOUS_MOVE = YES;
				CLANG_WARN_UNREACHABLE_CODE = YES;
				CLANG_WARN__DUPLICATE_METHOD_MATCH = YES;
				"CODE_SIGN_IDENTITY[sdk=iphoneos*]" = "iPhone Developer";
				COPY_PHASE_STRIP = NO;
				DEBUG_INFORMATION_FORMAT = "dwarf-with-dsym";
				ENABLE_STRICT_OBJC_MSGSEND = YES;
				ENABLE_TESTABILITY = YES;
				GCC_C_LANGUAGE_STANDARD = gnu99;
				GCC_DYNAMIC_NO_PIC = NO;
				GCC_NO_COMMON_BLOCKS = YES;
				GCC_OPTIMIZATION_LEVEL = 0;
				GCC_PREPROCESSOR_DEFINITIONS = (
					"DEBUG=1",
					"$(inherited)",
				);
				GCC_SYMBOLS_PRIVATE_EXTERN = NO;
				GCC_WARN_64_TO_32_BIT_CONVERSION = YES;
				GCC_WARN_ABOUT_RETURN_TYPE = YES_ERROR;
				GCC_WARN_UNDECLARED_SELECTOR = YES;
				GCC_WARN_UNINITIALIZED_AUTOS = YES_AGGRESSIVE;
				GCC_WARN_UNUSED_FUNCTION = YES;
				GCC_WARN_UNUSED_VARIABLE = YES;
				IPHONEOS_DEPLOYMENT_TARGET = 9.3;
				MTL_ENABLE_DEBUG_INFO = YES;
				ONLY_ACTIVE_ARCH = YES;
				SDKROOT = iphoneos;
				SWIFT_OPTIMIZATION_LEVEL = "-Onone";
			};
			name = Debug;
		};
		607FACEE1AFB9204008FA782 /* Release */ = {
			isa = XCBuildConfiguration;
			buildSettings = {
				ALWAYS_SEARCH_USER_PATHS = NO;
				CLANG_CXX_LANGUAGE_STANDARD = "gnu++0x";
				CLANG_CXX_LIBRARY = "libc++";
				CLANG_ENABLE_MODULES = YES;
				CLANG_ENABLE_OBJC_ARC = YES;
				CLANG_WARN_BOOL_CONVERSION = YES;
				CLANG_WARN_CONSTANT_CONVERSION = YES;
				CLANG_WARN_DIRECT_OBJC_ISA_USAGE = YES_ERROR;
				CLANG_WARN_EMPTY_BODY = YES;
				CLANG_WARN_ENUM_CONVERSION = YES;
				CLANG_WARN_INFINITE_RECURSION = YES;
				CLANG_WARN_INT_CONVERSION = YES;
				CLANG_WARN_OBJC_ROOT_CLASS = YES_ERROR;
				CLANG_WARN_SUSPICIOUS_MOVE = YES;
				CLANG_WARN_UNREACHABLE_CODE = YES;
				CLANG_WARN__DUPLICATE_METHOD_MATCH = YES;
				"CODE_SIGN_IDENTITY[sdk=iphoneos*]" = "iPhone Developer";
				COPY_PHASE_STRIP = NO;
				DEBUG_INFORMATION_FORMAT = "dwarf-with-dsym";
				ENABLE_NS_ASSERTIONS = NO;
				ENABLE_STRICT_OBJC_MSGSEND = YES;
				GCC_C_LANGUAGE_STANDARD = gnu99;
				GCC_NO_COMMON_BLOCKS = YES;
				GCC_WARN_64_TO_32_BIT_CONVERSION = YES;
				GCC_WARN_ABOUT_RETURN_TYPE = YES_ERROR;
				GCC_WARN_UNDECLARED_SELECTOR = YES;
				GCC_WARN_UNINITIALIZED_AUTOS = YES_AGGRESSIVE;
				GCC_WARN_UNUSED_FUNCTION = YES;
				GCC_WARN_UNUSED_VARIABLE = YES;
				IPHONEOS_DEPLOYMENT_TARGET = 9.3;
				MTL_ENABLE_DEBUG_INFO = NO;
				SDKROOT = iphoneos;
				SWIFT_OPTIMIZATION_LEVEL = "-Owholemodule";
				VALIDATE_PRODUCT = YES;
			};
			name = Release;
		};
		607FACF01AFB9204008FA782 /* Debug */ = {
			isa = XCBuildConfiguration;
			baseConfigurationReference = D3C27983DE546E2E8EDF7AF7 /* Pods-BlockDataSource_Example.debug.xcconfig */;
			buildSettings = {
				ALWAYS_EMBED_SWIFT_STANDARD_LIBRARIES = YES;
				ASSETCATALOG_COMPILER_APPICON_NAME = AppIcon;
				DEVELOPMENT_TEAM = LRNC44UMYU;
				INFOPLIST_FILE = BlockDataSource/Info.plist;
				LD_RUNPATH_SEARCH_PATHS = "$(inherited) @executable_path/Frameworks";
				MODULE_NAME = ExampleApp;
				PRODUCT_BUNDLE_IDENTIFIER = "org.cocoapods.demo.$(PRODUCT_NAME:rfc1034identifier)";
				PRODUCT_NAME = "$(TARGET_NAME)";
				SWIFT_VERSION = 3.0;
			};
			name = Debug;
		};
		607FACF11AFB9204008FA782 /* Release */ = {
			isa = XCBuildConfiguration;
			baseConfigurationReference = 507E76D923C9088DC2F3066F /* Pods-BlockDataSource_Example.release.xcconfig */;
			buildSettings = {
				ALWAYS_EMBED_SWIFT_STANDARD_LIBRARIES = YES;
				ASSETCATALOG_COMPILER_APPICON_NAME = AppIcon;
				DEVELOPMENT_TEAM = LRNC44UMYU;
				INFOPLIST_FILE = BlockDataSource/Info.plist;
				LD_RUNPATH_SEARCH_PATHS = "$(inherited) @executable_path/Frameworks";
				MODULE_NAME = ExampleApp;
				PRODUCT_BUNDLE_IDENTIFIER = "org.cocoapods.demo.$(PRODUCT_NAME:rfc1034identifier)";
				PRODUCT_NAME = "$(TARGET_NAME)";
				SWIFT_VERSION = 3.0;
			};
			name = Release;
		};
		66CD41CE20DC7E030045E2AD /* Debug */ = {
			isa = XCBuildConfiguration;
			baseConfigurationReference = D8BD201AB343E3A000BB277B /* Pods-BlockDataSource_Example-BlockDataSourceTests.debug.xcconfig */;
			buildSettings = {
				BUNDLE_LOADER = "$(TEST_HOST)";
				CLANG_ANALYZER_NONNULL = YES;
				CLANG_ANALYZER_NUMBER_OBJECT_CONVERSION = YES_AGGRESSIVE;
				CLANG_CXX_LANGUAGE_STANDARD = "gnu++14";
				CLANG_ENABLE_OBJC_WEAK = YES;
				CLANG_WARN_BLOCK_CAPTURE_AUTORELEASING = YES;
				CLANG_WARN_COMMA = YES;
				CLANG_WARN_DEPRECATED_OBJC_IMPLEMENTATIONS = YES;
				CLANG_WARN_DOCUMENTATION_COMMENTS = YES;
				CLANG_WARN_NON_LITERAL_NULL_CONVERSION = YES;
				CLANG_WARN_OBJC_IMPLICIT_RETAIN_SELF = YES;
				CLANG_WARN_OBJC_LITERAL_CONVERSION = YES;
				CLANG_WARN_RANGE_LOOP_ANALYSIS = YES;
				CLANG_WARN_STRICT_PROTOTYPES = YES;
				CLANG_WARN_UNGUARDED_AVAILABILITY = YES_AGGRESSIVE;
				CODE_SIGN_IDENTITY = "iPhone Developer";
				CODE_SIGN_STYLE = Automatic;
				DEBUG_INFORMATION_FORMAT = dwarf;
				DEVELOPMENT_TEAM = LRNC44UMYU;
				GCC_C_LANGUAGE_STANDARD = gnu11;
				INFOPLIST_FILE = BlockDataSourceTests/Info.plist;
				IPHONEOS_DEPLOYMENT_TARGET = 11.4;
				LD_RUNPATH_SEARCH_PATHS = "$(inherited) @executable_path/Frameworks @loader_path/Frameworks";
				PRODUCT_BUNDLE_IDENTIFIER = com.adamcumiskey.BlockDataSourceTests;
				PRODUCT_NAME = "$(TARGET_NAME)";
				SWIFT_ACTIVE_COMPILATION_CONDITIONS = DEBUG;
				SWIFT_VERSION = 4.0;
				TARGETED_DEVICE_FAMILY = "1,2";
				TEST_HOST = "$(BUILT_PRODUCTS_DIR)/BlockDataSource_Example.app/BlockDataSource_Example";
			};
			name = Debug;
		};
		66CD41CF20DC7E030045E2AD /* Release */ = {
			isa = XCBuildConfiguration;
			baseConfigurationReference = 0203640A62DE212D4D5CF133 /* Pods-BlockDataSource_Example-BlockDataSourceTests.release.xcconfig */;
			buildSettings = {
				BUNDLE_LOADER = "$(TEST_HOST)";
				CLANG_ANALYZER_NONNULL = YES;
				CLANG_ANALYZER_NUMBER_OBJECT_CONVERSION = YES_AGGRESSIVE;
				CLANG_CXX_LANGUAGE_STANDARD = "gnu++14";
				CLANG_ENABLE_OBJC_WEAK = YES;
				CLANG_WARN_BLOCK_CAPTURE_AUTORELEASING = YES;
				CLANG_WARN_COMMA = YES;
				CLANG_WARN_DEPRECATED_OBJC_IMPLEMENTATIONS = YES;
				CLANG_WARN_DOCUMENTATION_COMMENTS = YES;
				CLANG_WARN_NON_LITERAL_NULL_CONVERSION = YES;
				CLANG_WARN_OBJC_IMPLICIT_RETAIN_SELF = YES;
				CLANG_WARN_OBJC_LITERAL_CONVERSION = YES;
				CLANG_WARN_RANGE_LOOP_ANALYSIS = YES;
				CLANG_WARN_STRICT_PROTOTYPES = YES;
				CLANG_WARN_UNGUARDED_AVAILABILITY = YES_AGGRESSIVE;
				CODE_SIGN_IDENTITY = "iPhone Developer";
				CODE_SIGN_STYLE = Automatic;
				DEVELOPMENT_TEAM = LRNC44UMYU;
				GCC_C_LANGUAGE_STANDARD = gnu11;
				INFOPLIST_FILE = BlockDataSourceTests/Info.plist;
				IPHONEOS_DEPLOYMENT_TARGET = 11.4;
				LD_RUNPATH_SEARCH_PATHS = "$(inherited) @executable_path/Frameworks @loader_path/Frameworks";
				PRODUCT_BUNDLE_IDENTIFIER = com.adamcumiskey.BlockDataSourceTests;
				PRODUCT_NAME = "$(TARGET_NAME)";
				SWIFT_VERSION = 4.0;
				TARGETED_DEVICE_FAMILY = "1,2";
				TEST_HOST = "$(BUILT_PRODUCTS_DIR)/BlockDataSource_Example.app/BlockDataSource_Example";
			};
			name = Release;
		};
/* End XCBuildConfiguration section */

/* Begin XCConfigurationList section */
		607FACCB1AFB9204008FA782 /* Build configuration list for PBXProject "BlockDataSource" */ = {
			isa = XCConfigurationList;
			buildConfigurations = (
				607FACED1AFB9204008FA782 /* Debug */,
				607FACEE1AFB9204008FA782 /* Release */,
			);
			defaultConfigurationIsVisible = 0;
			defaultConfigurationName = Release;
		};
		607FACEF1AFB9204008FA782 /* Build configuration list for PBXNativeTarget "BlockDataSource_Example" */ = {
			isa = XCConfigurationList;
			buildConfigurations = (
				607FACF01AFB9204008FA782 /* Debug */,
				607FACF11AFB9204008FA782 /* Release */,
			);
			defaultConfigurationIsVisible = 0;
			defaultConfigurationName = Release;
		};
		66CD41CD20DC7E030045E2AD /* Build configuration list for PBXNativeTarget "BlockDataSourceTests" */ = {
			isa = XCConfigurationList;
			buildConfigurations = (
				66CD41CE20DC7E030045E2AD /* Debug */,
				66CD41CF20DC7E030045E2AD /* Release */,
			);
			defaultConfigurationIsVisible = 0;
			defaultConfigurationName = Release;
		};
/* End XCConfigurationList section */
	};
	rootObject = 607FACC81AFB9204008FA782 /* Project object */;
}
